
Microsoft Visual Studio Solution File, Format Version 12.00
# Visual Studio 15
VisualStudioVersion = 15.0.27703.2042
MinimumVisualStudioVersion = 10.0.40219.1
Project("{FAE04EC0-301F-11D3-BF4B-00C04F79EFBC}") = "FriendOrganizer.UI", "FriendOrganizer.UI\FriendOrganizer.UI.csproj", "{9F74CF31-AF82-4557-B839-50AACEAD82E0}"
EndProject
Project("{FAE04EC0-301F-11D3-BF4B-00C04F79EFBC}") = "FriendOrganizer.DataAccess", "FriendOrganizer.DataAccess\FriendOrganizer.DataAccess.csproj", "{6A57E76C-22F7-48B0-A657-E6E78A7A1F71}"
EndProject
Project("{FAE04EC0-301F-11D3-BF4B-00C04F79EFBC}") = "FriendOrganizer.Model", "FriendOrganizer.Model\FriendOrganizer.Model.csproj", "{CC758B65-EE7C-499D-9635-BFAB67A83812}"
EndProject
Global
	GlobalSection(SolutionConfigurationPlatforms) = preSolution
		Debug|Any CPU = Debug|Any CPU
		Release|Any CPU = Release|Any CPU
	EndGlobalSection
	GlobalSection(ProjectConfigurationPlatforms) = postSolution
		{9F74CF31-AF82-4557-B839-50AACEAD82E0}.Debug|Any CPU.ActiveCfg = Debug|Any CPU
		{9F74CF31-AF82-4557-B839-50AACEAD82E0}.Debug|Any CPU.Build.0 = Debug|Any CPU
		{9F74CF31-AF82-4557-B839-50AACEAD82E0}.Release|Any CPU.ActiveCfg = Release|Any CPU
		{9F74CF31-AF82-4557-B839-50AACEAD82E0}.Release|Any CPU.Build.0 = Release|Any CPU
		{6A57E76C-22F7-48B0-A657-E6E78A7A1F71}.Debug|Any CPU.ActiveCfg = Debug|Any CPU
		{6A57E76C-22F7-48B0-A657-E6E78A7A1F71}.Debug|Any CPU.Build.0 = Debug|Any CPU
		{6A57E76C-22F7-48B0-A657-E6E78A7A1F71}.Release|Any CPU.ActiveCfg = Release|Any CPU
		{6A57E76C-22F7-48B0-A657-E6E78A7A1F71}.Release|Any CPU.Build.0 = Release|Any CPU
		{CC758B65-EE7C-499D-9635-BFAB67A83812}.Debug|Any CPU.ActiveCfg = Debug|Any CPU
		{CC758B65-EE7C-499D-9635-BFAB67A83812}.Debug|Any CPU.Build.0 = Debug|Any CPU
		{CC758B65-EE7C-499D-9635-BFAB67A83812}.Release|Any CPU.ActiveCfg = Release|Any CPU
		{CC758B65-EE7C-499D-9635-BFAB67A83812}.Release|Any CPU.Build.0 = Release|Any CPU
	EndGlobalSection
	GlobalSection(SolutionProperties) = preSolution
		HideSolutionNode = FALSE
	EndGlobalSection
	GlobalSection(ExtensibilityGlobals) = postSolution
		SolutionGuid = {47F55843-DA4F-4C5E-B44C-1BDAEF2EE61E}
	EndGlobalSection
EndGlobal
